
Microsoft Visual Studio Solution File, Format Version 12.00
# Visual Studio Version 17
VisualStudioVersion = 17.10.35027.167
MinimumVisualStudioVersion = 10.0.40219.1
Project("{9A19103F-16F7-4668-BE54-9A1E7A4F7556}") = "AMS.Server", "AMS.Server\AMS.Server.csproj", "{25654D24-D383-472A-AF80-0126AA47C4A8}"
EndProject
Project("{54A90642-561A-4BB1-A94E-469ADEE60C69}") = "ams.client", "ams.client\ams.client.esproj", "{311FF68B-F303-4CAD-B424-3EBA4D5FD307}"
EndProject
Global
	GlobalSection(SolutionConfigurationPlatforms) = preSolution
		Debug|Any CPU = Debug|Any CPU
		Release|Any CPU = Release|Any CPU
	EndGlobalSection
	GlobalSection(ProjectConfigurationPlatforms) = postSolution
		{25654D24-D383-472A-AF80-0126AA47C4A8}.Debug|Any CPU.ActiveCfg = Debug|Any CPU
		{25654D24-D383-472A-AF80-0126AA47C4A8}.Debug|Any CPU.Build.0 = Debug|Any CPU
		{25654D24-D383-472A-AF80-0126AA47C4A8}.Release|Any CPU.ActiveCfg = Release|Any CPU
		{25654D24-D383-472A-AF80-0126AA47C4A8}.Release|Any CPU.Build.0 = Release|Any CPU
		{311FF68B-F303-4CAD-B424-3EBA4D5FD307}.Debug|Any CPU.ActiveCfg = Debug|Any CPU
		{311FF68B-F303-4CAD-B424-3EBA4D5FD307}.Debug|Any CPU.Build.0 = Debug|Any CPU
		{311FF68B-F303-4CAD-B424-3EBA4D5FD307}.Release|Any CPU.ActiveCfg = Release|Any CPU
		{311FF68B-F303-4CAD-B424-3EBA4D5FD307}.Release|Any CPU.Build.0 = Release|Any CPU
		{311FF68B-F303-4CAD-B424-3EBA4D5FD307}.Release|Any CPU.Deploy.0 = Release|Any CPU
	EndGlobalSection
	GlobalSection(SolutionProperties) = preSolution
		HideSolutionNode = FALSE
	EndGlobalSection
	GlobalSection(ExtensibilityGlobals) = postSolution
		SolutionGuid = {8680C49E-4319-4E47-8D8D-970AF41AD2B0}
	EndGlobalSection
EndGlobal
